<?xml version="1.0" encoding="utf-8"?>
<Project ToolsVersion="4.0" xmlns="http://schemas.microsoft.com/developer/msbuild/2003">
  <ItemGroup>
    <Filter Include="Исходные файлы">
      <UniqueIdentifier>{4FC737F1-C7A5-4376-A066-2A32D752A2FF}</UniqueIdentifier>
      <Extensions>cpp;c;cc;cxx;c++;cppm;ixx;def;odl;idl;hpj;bat;asm;asmx</Extensions>
    </Filter>
    <Filter Include="Файлы заголовков">
      <UniqueIdentifier>{93995380-89BD-4b04-88EB-625FBE52EBFB}</UniqueIdentifier>
      <Extensions>h;hh;hpp;hxx;h++;hm;inl;inc;ipp;xsd</Extensions>
    </Filter>
    <Filter Include="Файлы ресурсов">
      <UniqueIdentifier>{67DA6AB6-F800-4c08-8B7A-83BB121AAD01}</UniqueIdentifier>
      <Extensions>rc;ico;cur;bmp;dlg;rc2;rct;bin;rgs;gif;jpg;jpeg;jpe;resx;tiff;tif;png;wav;mfcribbon-ms</Extensions>
    </Filter>
  </ItemGroup>
  <ItemGroup>
    <ClCompile Include="main.cpp">
      <Filter>Исходные файлы</Filter>
    </ClCompile>
    <ClCompile Include="ExtractClass.cpp">
      <Filter>Исходные файлы</Filter>
    </ClCompile>
  </ItemGroup>
  <ItemGroup>
    <ClInclude Include="ExtractClass.h">
      <Filter>Файлы заголовков</Filter>
    </ClInclude>
  </ItemGroup>
  <ItemGroup>
    <Text Include="TXTFiles\SS 2004.txt" />
    <Text Include="TXTFiles\SS 1998.txt" />
  </ItemGroup>
  <ItemGroup>
    <None Include="CSVFiles\SS 2010.csv" />
    <None Include="CSVFiles\SS 2012.csv" />
    <None Include="CSVFiles\SS 2013.csv" />
    <None Include="CSVFiles\SS 2014.csv" />
    <None Include="CSVFiles\SS 2015.csv" />
    <None Include="CSVFiles\SS 2016.csv" />
    <None Include="CSVFiles\SS 2018.csv" />
    <None Include="CSVFiles\SS 2019.csv" />
    <None Include="CSVFiles\SS 2020.csv" />
    <None Include="CSVFiles\SS 2021.csv" />
    <None Include="CSVFiles\SS 2022.csv" />
    <None Include="CSVFiles\SSS 1998.csv" />
    <None Include="CSVFiles\SSS 1999.csv" />
    <None Include="CSVFiles\SSS 2000.csv" />
    <None Include="CSVFiles\SSS 2002.csv" />
    <None Include="CSVFiles\SSS 2003.csv" />
    <None Include="CSVFiles\SSS 2004.csv" />
    <None Include="CSVFiles\SSS 2005.csv" />
    <None Include="CSVFiles\SSS 2006.csv" />
    <None Include="CSVFiles\SSS 2007.csv" />
    <None Include="CSVFiles\SSS 2008.csv" />
    <None Include="CSVFiles\SSS 2010.csv" />
    <None Include="CSVFiles\SSS 2011.csv" />
    <None Include="CSVFiles\SSS 2012.csv" />
    <None Include="CSVFiles\SSS 2013.csv" />
    <None Include="CSVFiles\SSS 2014.csv" />
    <None Include="CSVFiles\SSS 2015.csv" />
    <None Include="CSVFiles\SSS 2016.csv" />
    <None Include="CSVFiles\SSS 2017.csv" />
    <None Include="CSVFiles\SSS 2018.csv" />
    <None Include="CSVFiles\SSS 2019.csv" />
    <None Include="CSVFiles\SSS 2020.csv" />
    <None Include="CSVFiles\SSS 2022.csv" />
    <None Include="CSVFiles\allShip.csv" />
  </ItemGroup>
</Project>